{
  "requires": true,
  "lockfileVersion": 1,
  "dependencies": {
    "next-redux": {
      "version": "0.1.1",
      "resolved": "https://registry.npmjs.org/next-redux/-/next-redux-0.1.1.tgz",
      "integrity": "sha512-KY7WPF9SndchJ0hFm0xYL/j4E61uNe1qJoiFdP9+kNGitSSLbzz8wwnxz1x/ZQJYbu63pKrTtIUGGgPxpmRwBg=="
    },
    "wrapper": {
      "version": "0.1.0",
      "resolved": "https://registry.npmjs.org/wrapper/-/wrapper-0.1.0.tgz",
      "integrity": "sha1-I6j1c8p5CvK3X8QD+IyTesbjZJI="
    }
  }
}
